
Microsoft Visual Studio Solution File, Format Version 12.00
# Visual Studio Version 16
VisualStudioVersion = 16.0.30907.101
MinimumVisualStudioVersion = 10.0.40219.1
Project("{9A19103F-16F7-4668-BE54-9A1E7A4F7556}") = "StrategyPattern", "StrategyPattern\StrategyPattern.csproj", "{0CB44349-058A-4D6A-9FA8-766810E7816E}"
EndProject
Project("{9A19103F-16F7-4668-BE54-9A1E7A4F7556}") = "ObserverPattern", "ObserverPattern\ObserverPattern.csproj", "{03C23249-9593-46FE-82BF-14FED2FE384B}"
EndProject
Project("{9A19103F-16F7-4668-BE54-9A1E7A4F7556}") = "DecoratorMode", "DecoratorMode\DecoratorMode.csproj", "{A33C00F6-89DC-4B8C-8DB7-C7940BFB0287}"
EndProject
Project("{9A19103F-16F7-4668-BE54-9A1E7A4F7556}") = "SimpleFactory", "SimpleFactory\SimpleFactory.csproj", "{1E65CB05-D1DB-4776-BF05-176EA85357D5}"
EndProject
Project("{9A19103F-16F7-4668-BE54-9A1E7A4F7556}") = "StrategyMode", "StrategyMode\StrategyMode.csproj", "{AA6A9B8D-BB13-4261-8496-F7C137B91803}"
EndProject
Project("{9A19103F-16F7-4668-BE54-9A1E7A4F7556}") = "SingleResponsibility", "SingleResponsibility\SingleResponsibility.csproj", "{59295C4E-740E-478B-830A-FC20B2E19F04}"
EndProject
Project("{9A19103F-16F7-4668-BE54-9A1E7A4F7556}") = "OpenClosed", "OpenClosed\OpenClosed.csproj", "{4128A78E-5AA5-4CD9-B1DA-87134D71BD6A}"
EndProject
Project("{9A19103F-16F7-4668-BE54-9A1E7A4F7556}") = "Ioc", "Ioc\Ioc.csproj", "{605ECA15-1F89-4EC1-8079-2815D67E373F}"
EndProject
Project("{9A19103F-16F7-4668-BE54-9A1E7A4F7556}") = "ProxyMode", "ProxyMode\ProxyMode.csproj", "{F4829B9A-E0CB-4382-AE75-B0B59AB3D766}"
EndProject
Project("{9A19103F-16F7-4668-BE54-9A1E7A4F7556}") = "FactoryMode", "FactoryMode\FactoryMode.csproj", "{742CAE75-174D-44A5-B9B1-D4481371F3EB}"
EndProject
Project("{9A19103F-16F7-4668-BE54-9A1E7A4F7556}") = "PrototypeMode", "PrototypeMode\PrototypeMode.csproj", "{3F3F7D2B-9C15-47BC-9133-3029E0FADBCD}"
EndProject
Project("{9A19103F-16F7-4668-BE54-9A1E7A4F7556}") = "TemplateMode", "TemplateMode\TemplateMode.csproj", "{7BD57AFF-A315-4CF7-BF1C-2FC1B98A942D}"
EndProject
Project("{9A19103F-16F7-4668-BE54-9A1E7A4F7556}") = "FacadePattern", "FacadePattern\FacadePattern.csproj", "{D73C7C43-08A8-42BB-95B9-FD43AEF1C076}"
EndProject
Project("{9A19103F-16F7-4668-BE54-9A1E7A4F7556}") = "BuilderMode", "BuilderMode\BuilderMode.csproj", "{BC1D3F62-7464-44DA-A2E1-5B01901CC860}"
EndProject
Project("{9A19103F-16F7-4668-BE54-9A1E7A4F7556}") = "ObserverMode", "ObserverMode\ObserverMode.csproj", "{66D65CA8-DA05-4FB9-A139-D104ECF9E2FB}"
EndProject
Project("{9A19103F-16F7-4668-BE54-9A1E7A4F7556}") = "AbstractFactoryModel", "AbstractFactoryModel\AbstractFactoryModel.csproj", "{64F52E40-A0B9-4FF7-8FAF-56EB7EC6C9C8}"
EndProject
Project("{9A19103F-16F7-4668-BE54-9A1E7A4F7556}") = "StatusMode", "StatusMode\StatusMode.csproj", "{8856EA2D-D9B6-458B-AE8D-E0060A748434}"
EndProject
Project("{9A19103F-16F7-4668-BE54-9A1E7A4F7556}") = "AdapterMode", "AdapterMode\AdapterMode.csproj", "{150650FA-566E-4988-9E58-198BB773FAEA}"
EndProject
Project("{FAE04EC0-301F-11D3-BF4B-00C04F79EFBC}") = "MemorandumMode", "MemorandumMode\MemorandumMode.csproj", "{FCF8FFF2-2CF2-4F17-BF38-325396589990}"
EndProject
Global
	GlobalSection(SolutionConfigurationPlatforms) = preSolution
		Debug|Any CPU = Debug|Any CPU
		Release|Any CPU = Release|Any CPU
	EndGlobalSection
	GlobalSection(ProjectConfigurationPlatforms) = postSolution
		{0CB44349-058A-4D6A-9FA8-766810E7816E}.Debug|Any CPU.ActiveCfg = Debug|Any CPU
		{0CB44349-058A-4D6A-9FA8-766810E7816E}.Debug|Any CPU.Build.0 = Debug|Any CPU
		{0CB44349-058A-4D6A-9FA8-766810E7816E}.Release|Any CPU.ActiveCfg = Release|Any CPU
		{0CB44349-058A-4D6A-9FA8-766810E7816E}.Release|Any CPU.Build.0 = Release|Any CPU
		{03C23249-9593-46FE-82BF-14FED2FE384B}.Debug|Any CPU.ActiveCfg = Debug|Any CPU
		{03C23249-9593-46FE-82BF-14FED2FE384B}.Debug|Any CPU.Build.0 = Debug|Any CPU
		{03C23249-9593-46FE-82BF-14FED2FE384B}.Release|Any CPU.ActiveCfg = Release|Any CPU
		{03C23249-9593-46FE-82BF-14FED2FE384B}.Release|Any CPU.Build.0 = Release|Any CPU
		{A33C00F6-89DC-4B8C-8DB7-C7940BFB0287}.Debug|Any CPU.ActiveCfg = Debug|Any CPU
		{A33C00F6-89DC-4B8C-8DB7-C7940BFB0287}.Debug|Any CPU.Build.0 = Debug|Any CPU
		{A33C00F6-89DC-4B8C-8DB7-C7940BFB0287}.Release|Any CPU.ActiveCfg = Release|Any CPU
		{A33C00F6-89DC-4B8C-8DB7-C7940BFB0287}.Release|Any CPU.Build.0 = Release|Any CPU
		{1E65CB05-D1DB-4776-BF05-176EA85357D5}.Debug|Any CPU.ActiveCfg = Debug|Any CPU
		{1E65CB05-D1DB-4776-BF05-176EA85357D5}.Debug|Any CPU.Build.0 = Debug|Any CPU
		{1E65CB05-D1DB-4776-BF05-176EA85357D5}.Release|Any CPU.ActiveCfg = Release|Any CPU
		{1E65CB05-D1DB-4776-BF05-176EA85357D5}.Release|Any CPU.Build.0 = Release|Any CPU
		{AA6A9B8D-BB13-4261-8496-F7C137B91803}.Debug|Any CPU.ActiveCfg = Debug|Any CPU
		{AA6A9B8D-BB13-4261-8496-F7C137B91803}.Debug|Any CPU.Build.0 = Debug|Any CPU
		{AA6A9B8D-BB13-4261-8496-F7C137B91803}.Release|Any CPU.ActiveCfg = Release|Any CPU
		{AA6A9B8D-BB13-4261-8496-F7C137B91803}.Release|Any CPU.Build.0 = Release|Any CPU
		{59295C4E-740E-478B-830A-FC20B2E19F04}.Debug|Any CPU.ActiveCfg = Debug|Any CPU
		{59295C4E-740E-478B-830A-FC20B2E19F04}.Debug|Any CPU.Build.0 = Debug|Any CPU
		{59295C4E-740E-478B-830A-FC20B2E19F04}.Release|Any CPU.ActiveCfg = Release|Any CPU
		{59295C4E-740E-478B-830A-FC20B2E19F04}.Release|Any CPU.Build.0 = Release|Any CPU
		{4128A78E-5AA5-4CD9-B1DA-87134D71BD6A}.Debug|Any CPU.ActiveCfg = Debug|Any CPU
		{4128A78E-5AA5-4CD9-B1DA-87134D71BD6A}.Debug|Any CPU.Build.0 = Debug|Any CPU
		{4128A78E-5AA5-4CD9-B1DA-87134D71BD6A}.Release|Any CPU.ActiveCfg = Release|Any CPU
		{4128A78E-5AA5-4CD9-B1DA-87134D71BD6A}.Release|Any CPU.Build.0 = Release|Any CPU
		{605ECA15-1F89-4EC1-8079-2815D67E373F}.Debug|Any CPU.ActiveCfg = Debug|Any CPU
		{605ECA15-1F89-4EC1-8079-2815D67E373F}.Debug|Any CPU.Build.0 = Debug|Any CPU
		{605ECA15-1F89-4EC1-8079-2815D67E373F}.Release|Any CPU.ActiveCfg = Release|Any CPU
		{605ECA15-1F89-4EC1-8079-2815D67E373F}.Release|Any CPU.Build.0 = Release|Any CPU
		{F4829B9A-E0CB-4382-AE75-B0B59AB3D766}.Debug|Any CPU.ActiveCfg = Debug|Any CPU
		{F4829B9A-E0CB-4382-AE75-B0B59AB3D766}.Debug|Any CPU.Build.0 = Debug|Any CPU
		{F4829B9A-E0CB-4382-AE75-B0B59AB3D766}.Release|Any CPU.ActiveCfg = Release|Any CPU
		{F4829B9A-E0CB-4382-AE75-B0B59AB3D766}.Release|Any CPU.Build.0 = Release|Any CPU
		{742CAE75-174D-44A5-B9B1-D4481371F3EB}.Debug|Any CPU.ActiveCfg = Debug|Any CPU
		{742CAE75-174D-44A5-B9B1-D4481371F3EB}.Debug|Any CPU.Build.0 = Debug|Any CPU
		{742CAE75-174D-44A5-B9B1-D4481371F3EB}.Release|Any CPU.ActiveCfg = Release|Any CPU
		{742CAE75-174D-44A5-B9B1-D4481371F3EB}.Release|Any CPU.Build.0 = Release|Any CPU
		{3F3F7D2B-9C15-47BC-9133-3029E0FADBCD}.Debug|Any CPU.ActiveCfg = Debug|Any CPU
		{3F3F7D2B-9C15-47BC-9133-3029E0FADBCD}.Debug|Any CPU.Build.0 = Debug|Any CPU
		{3F3F7D2B-9C15-47BC-9133-3029E0FADBCD}.Release|Any CPU.ActiveCfg = Release|Any CPU
		{3F3F7D2B-9C15-47BC-9133-3029E0FADBCD}.Release|Any CPU.Build.0 = Release|Any CPU
		{7BD57AFF-A315-4CF7-BF1C-2FC1B98A942D}.Debug|Any CPU.ActiveCfg = Debug|Any CPU
		{7BD57AFF-A315-4CF7-BF1C-2FC1B98A942D}.Debug|Any CPU.Build.0 = Debug|Any CPU
		{7BD57AFF-A315-4CF7-BF1C-2FC1B98A942D}.Release|Any CPU.ActiveCfg = Release|Any CPU
		{7BD57AFF-A315-4CF7-BF1C-2FC1B98A942D}.Release|Any CPU.Build.0 = Release|Any CPU
		{D73C7C43-08A8-42BB-95B9-FD43AEF1C076}.Debug|Any CPU.ActiveCfg = Debug|Any CPU
		{D73C7C43-08A8-42BB-95B9-FD43AEF1C076}.Debug|Any CPU.Build.0 = Debug|Any CPU
		{D73C7C43-08A8-42BB-95B9-FD43AEF1C076}.Release|Any CPU.ActiveCfg = Release|Any CPU
		{D73C7C43-08A8-42BB-95B9-FD43AEF1C076}.Release|Any CPU.Build.0 = Release|Any CPU
		{BC1D3F62-7464-44DA-A2E1-5B01901CC860}.Debug|Any CPU.ActiveCfg = Debug|Any CPU
		{BC1D3F62-7464-44DA-A2E1-5B01901CC860}.Debug|Any CPU.Build.0 = Debug|Any CPU
		{BC1D3F62-7464-44DA-A2E1-5B01901CC860}.Release|Any CPU.ActiveCfg = Release|Any CPU
		{BC1D3F62-7464-44DA-A2E1-5B01901CC860}.Release|Any CPU.Build.0 = Release|Any CPU
		{66D65CA8-DA05-4FB9-A139-D104ECF9E2FB}.Debug|Any CPU.ActiveCfg = Debug|Any CPU
		{66D65CA8-DA05-4FB9-A139-D104ECF9E2FB}.Debug|Any CPU.Build.0 = Debug|Any CPU
		{66D65CA8-DA05-4FB9-A139-D104ECF9E2FB}.Release|Any CPU.ActiveCfg = Release|Any CPU
		{66D65CA8-DA05-4FB9-A139-D104ECF9E2FB}.Release|Any CPU.Build.0 = Release|Any CPU
		{64F52E40-A0B9-4FF7-8FAF-56EB7EC6C9C8}.Debug|Any CPU.ActiveCfg = Debug|Any CPU
		{64F52E40-A0B9-4FF7-8FAF-56EB7EC6C9C8}.Debug|Any CPU.Build.0 = Debug|Any CPU
		{64F52E40-A0B9-4FF7-8FAF-56EB7EC6C9C8}.Release|Any CPU.ActiveCfg = Release|Any CPU
		{64F52E40-A0B9-4FF7-8FAF-56EB7EC6C9C8}.Release|Any CPU.Build.0 = Release|Any CPU
		{8856EA2D-D9B6-458B-AE8D-E0060A748434}.Debug|Any CPU.ActiveCfg = Debug|Any CPU
		{8856EA2D-D9B6-458B-AE8D-E0060A748434}.Debug|Any CPU.Build.0 = Debug|Any CPU
		{8856EA2D-D9B6-458B-AE8D-E0060A748434}.Release|Any CPU.ActiveCfg = Release|Any CPU
		{8856EA2D-D9B6-458B-AE8D-E0060A748434}.Release|Any CPU.Build.0 = Release|Any CPU
		{150650FA-566E-4988-9E58-198BB773FAEA}.Debug|Any CPU.ActiveCfg = Debug|Any CPU
		{150650FA-566E-4988-9E58-198BB773FAEA}.Debug|Any CPU.Build.0 = Debug|Any CPU
		{150650FA-566E-4988-9E58-198BB773FAEA}.Release|Any CPU.ActiveCfg = Release|Any CPU
		{150650FA-566E-4988-9E58-198BB773FAEA}.Release|Any CPU.Build.0 = Release|Any CPU
		{FCF8FFF2-2CF2-4F17-BF38-325396589990}.Debug|Any CPU.ActiveCfg = Debug|Any CPU
		{FCF8FFF2-2CF2-4F17-BF38-325396589990}.Debug|Any CPU.Build.0 = Debug|Any CPU
		{FCF8FFF2-2CF2-4F17-BF38-325396589990}.Release|Any CPU.ActiveCfg = Release|Any CPU
		{FCF8FFF2-2CF2-4F17-BF38-325396589990}.Release|Any CPU.Build.0 = Release|Any CPU
	EndGlobalSection
	GlobalSection(SolutionProperties) = preSolution
		HideSolutionNode = FALSE
	EndGlobalSection
	GlobalSection(ExtensibilityGlobals) = postSolution
		SolutionGuid = {D39FB6C3-5C59-42D2-A94B-AD47BC799FAA}
	EndGlobalSection
EndGlobal
